
Microsoft Visual Studio Solution File, Format Version 12.00
# Visual Studio Version 17
VisualStudioVersion = 17.10.34916.146
MinimumVisualStudioVersion = 10.0.40219.1
Project("{8BC9CEB8-8B4A-11D0-8D11-00A0C91BC942}") = "MinoruAct", "MinoruAct.vcxproj", "{1D0EEB49-AA42-41FC-AF7F-C626D4F40A57}"
EndProject
Global
	GlobalSection(SolutionConfigurationPlatforms) = preSolution
		Debug|x64 = Debug|x64
		Debug|x86 = Debug|x86
		Release|x64 = Release|x64
		Release|x86 = Release|x86
	EndGlobalSection
	GlobalSection(ProjectConfigurationPlatforms) = postSolution
		{1D0EEB49-AA42-41FC-AF7F-C626D4F40A57}.Debug|x64.ActiveCfg = Debug|x64
		{1D0EEB49-AA42-41FC-AF7F-C626D4F40A57}.Debug|x64.Build.0 = Debug|x64
		{1D0EEB49-AA42-41FC-AF7F-C626D4F40A57}.Debug|x86.ActiveCfg = Debug|Win32
		{1D0EEB49-AA42-41FC-AF7F-C626D4F40A57}.Debug|x86.Build.0 = Debug|Win32
		{1D0EEB49-AA42-41FC-AF7F-C626D4F40A57}.Release|x64.ActiveCfg = Release|x64
		{1D0EEB49-AA42-41FC-AF7F-C626D4F40A57}.Release|x64.Build.0 = Release|x64
		{1D0EEB49-AA42-41FC-AF7F-C626D4F40A57}.Release|x86.ActiveCfg = Release|Win32
		{1D0EEB49-AA42-41FC-AF7F-C626D4F40A57}.Release|x86.Build.0 = Release|Win32
	EndGlobalSection
	GlobalSection(SolutionProperties) = preSolution
		HideSolutionNode = FALSE
	EndGlobalSection
	GlobalSection(ExtensibilityGlobals) = postSolution
		SolutionGuid = {8D046A82-991F-408F-B5C2-B1A9D226D4B5}
	EndGlobalSection
EndGlobal
